// !$*UTF8*$!
{
	archiveVersion = 1;
	classes = {
	};
	objectVersion = 45;
	objects = {

/* Begin PBXBuildFile section */
		FE0353E015FA5D0D0006538C /* LanguageCodes.plist in Resources */ = {isa = PBXBuildFile; fileRef = FE0353DE15FA5D0D0006538C /* LanguageCodes.plist */; };
		FE0F4B10168F54A600D398C0 /* Create Preset.png in Resources */ = {isa = PBXBuildFile; fileRef = FE1D0DC0168F055400143A71 /* Create Preset.png */; };
		FE10B97913C1CCD000194E45 /* MCWatermarkFilter.m in Sources */ = {isa = PBXBuildFile; fileRef = FE10B97513C1CCD000194E45 /* MCWatermarkFilter.m */; };
		FE10B98213C1CCDC00194E45 /* MCFilter.m in Sources */ = {isa = PBXBuildFile; fileRef = FE10B97F13C1CCDC00194E45 /* MCFilter.m */; };
		FE10B9A113C1D1A200194E45 /* MCWatermarkFilter.xib in Resources */ = {isa = PBXBuildFile; fileRef = FE10B99C13C1D1A200194E45 /* MCWatermarkFilter.xib */; };
		FE23AC8F13E02CF300B4E457 /* MCActionButton.m in Sources */ = {isa = PBXBuildFile; fileRef = FE23AC8A13E02CF300B4E457 /* MCActionButton.m */; };
		FE23AE9013E04E9800B4E457 /* MCTextFilter.xib in Resources */ = {isa = PBXBuildFile; fileRef = FE23AE8A13E04E9800B4E457 /* MCTextFilter.xib */; };
		FE23AEE713E04FA200B4E457 /* MCTextFilter.m in Sources */ = {isa = PBXBuildFile; fileRef = FE23AEE213E04FA200B4E457 /* MCTextFilter.m */; };
		FE24913113E8020D00D744A7 /* MCColorWell.m in Sources */ = {isa = PBXBuildFile; fileRef = FE24912C13E8020D00D744A7 /* MCColorWell.m */; };
		FE24915B13E8046400D744A7 /* MCIgnoreColorWellTextView.m in Sources */ = {isa = PBXBuildFile; fileRef = FE24915513E8046400D744A7 /* MCIgnoreColorWellTextView.m */; };
		FE3A195E22FAE4C1005BED34 /* MCAddPresetCellView.m in Sources */ = {isa = PBXBuildFile; fileRef = FE3A195D22FAE4C1005BED34 /* MCAddPresetCellView.m */; };
		FE3A196122FAEEE2005BED34 /* MCCommandPanel.xib in Resources */ = {isa = PBXBuildFile; fileRef = FE3A195F22FAEEE2005BED34 /* MCCommandPanel.xib */; };
		FE48BD7113A631A600C98912 /* Sintel-frame.jpg in Resources */ = {isa = PBXBuildFile; fileRef = FE48BD6B13A631A600C98912 /* Sintel-frame.jpg */; };
		FE519C062300486400D65DC7 /* Sparkle.framework in Frameworks */ = {isa = PBXBuildFile; fileRef = FE519C042300486400D65DC7 /* Sparkle.framework */; };
		FE519C072300486400D65DC7 /* LetsMove.framework in Frameworks */ = {isa = PBXBuildFile; fileRef = FE519C052300486400D65DC7 /* LetsMove.framework */; };
		FE519C082300486F00D65DC7 /* LetsMove.framework in Copy Frameworks */ = {isa = PBXBuildFile; fileRef = FE519C052300486400D65DC7 /* LetsMove.framework */; settings = {ATTRIBUTES = (CodeSignOnCopy, RemoveHeadersOnCopy, ); }; };
		FE519C092300486F00D65DC7 /* Sparkle.framework in Copy Frameworks */ = {isa = PBXBuildFile; fileRef = FE519C042300486400D65DC7 /* Sparkle.framework */; settings = {ATTRIBUTES = (CodeSignOnCopy, RemoveHeadersOnCopy, ); }; };
		FE519C0C23005B6F00D65DC7 /* MCNoAccessibilityImageView.m in Sources */ = {isa = PBXBuildFile; fileRef = FE519C0B23005B6F00D65DC7 /* MCNoAccessibilityImageView.m */; };
		FE519C0F23005E7E00D65DC7 /* MCNoAccessibiltyTextField.m in Sources */ = {isa = PBXBuildFile; fileRef = FE519C0E23005E7E00D65DC7 /* MCNoAccessibiltyTextField.m */; };
		FE58A6A9135EBE8400A99750 /* SubTest.mpg in Resources */ = {isa = PBXBuildFile; fileRef = FE58A69D135EBE8400A99750 /* SubTest.mpg */; };
		FE58A6AA135EBE8400A99750 /* SubTest.srt in Resources */ = {isa = PBXBuildFile; fileRef = FE58A69E135EBE8400A99750 /* SubTest.srt */; };
		FE59A53513ED22B5001414DC /* QuartzCore.framework in Frameworks */ = {isa = PBXBuildFile; fileRef = FE59A53013ED22B5001414DC /* QuartzCore.framework */; };
		FE59A54C13ED2576001414DC /* Sintel-frame-dark.jpg in Resources */ = {isa = PBXBuildFile; fileRef = FE59A54713ED2576001414DC /* Sintel-frame-dark.jpg */; };
		FE6677201425D434009BB3A5 /* MCPresetEditPanel.m in Sources */ = {isa = PBXBuildFile; fileRef = FE66771E1425D434009BB3A5 /* MCPresetEditPanel.m */; };
		FE6677281425D458009BB3A5 /* MCPresetEditPanel.xib in Resources */ = {isa = PBXBuildFile; fileRef = FE6677251425D458009BB3A5 /* MCPresetEditPanel.xib */; };
		FE6840A422F9D27D005B55DB /* MCAutoLayoutTextField.m in Sources */ = {isa = PBXBuildFile; fileRef = FE6840A322F9D27C005B55DB /* MCAutoLayoutTextField.m */; };
		FE700959140CD7F1002429E1 /* MCProgressSlider.m in Sources */ = {isa = PBXBuildFile; fileRef = FE700953140CD7F1002429E1 /* MCProgressSlider.m */; };
		FE703A6022FC822F00917539 /* MCPresetHelper.m in Sources */ = {isa = PBXBuildFile; fileRef = FE703A5F22FC822F00917539 /* MCPresetHelper.m */; };
		FE7AAEE513B602E8008DC4F7 /* MCFilterDelegate.m in Sources */ = {isa = PBXBuildFile; fileRef = FE7AAEE013B602E8008DC4F7 /* MCFilterDelegate.m */; };
		FEA8CF4113227D3C00C10516 /* InfoPlist.strings in Resources */ = {isa = PBXBuildFile; fileRef = 089C165CFE840E0CC02AAC07 /* InfoPlist.strings */; };
		FEA8CF4213227D3C00C10516 /* MainMenu.xib in Resources */ = {isa = PBXBuildFile; fileRef = 1DDD58140DA1D0A300B32029 /* MainMenu.xib */; };
		FEA8CF4413227D3C00C10516 /* Dropzone.pdf in Resources */ = {isa = PBXBuildFile; fileRef = FE8086DC12EB01F20047FD26 /* Dropzone.pdf */; };
		FEA8CF4513227D3C00C10516 /* Media Converter.icns in Resources */ = {isa = PBXBuildFile; fileRef = FE8086DE12EB092D0047FD26 /* Media Converter.icns */; };
		FEA8CF4D13227D3C00C10516 /* MCPreferences.xib in Resources */ = {isa = PBXBuildFile; fileRef = FEF5CD8512EEB83B00981441 /* MCPreferences.xib */; };
		FEA8CF5013227D3C00C10516 /* Presets in Resources */ = {isa = PBXBuildFile; fileRef = FEBC384212F163B300F0A20A /* Presets */; };
		FEA8CF5113227D3C00C10516 /* Create Preset@2x.png in Resources */ = {isa = PBXBuildFile; fileRef = FE77D66E13192E8800731569 /* Create Preset@2x.png */; };
		FEA8CF5313227D3C00C10516 /* MCProgress.xib in Resources */ = {isa = PBXBuildFile; fileRef = FE4E9893132105CB00B440F4 /* MCProgress.xib */; };
		FEA8CF5413227D3C00C10516 /* Localizable.strings in Resources */ = {isa = PBXBuildFile; fileRef = FE4E9897132105DA00B440F4 /* Localizable.strings */; };
		FEA8CF5513227D3C00C10516 /* MCPresets.icns in Resources */ = {isa = PBXBuildFile; fileRef = FE4E9B0013210D3100B440F4 /* MCPresets.icns */; };
		FEA8CF5713227D3C00C10516 /* MediaConverterHelp in Resources */ = {isa = PBXBuildFile; fileRef = FE4E9BEA13218B7600B440F4 /* MediaConverterHelp */; };
		FEA8CF5913227D3C00C10516 /* main.m in Sources */ = {isa = PBXBuildFile; fileRef = 29B97316FDCFA39411CA2CEA /* main.m */; settings = {ATTRIBUTES = (); }; };
		FEA8CF5A13227D3C00C10516 /* MCDropView.m in Sources */ = {isa = PBXBuildFile; fileRef = FE8086F112EB09E30047FD26 /* MCDropView.m */; };
		FEA8CF5B13227D3C00C10516 /* MCMainController.m in Sources */ = {isa = PBXBuildFile; fileRef = FE8086F712EB0BA00047FD26 /* MCMainController.m */; };
		FEA8CF5C13227D3C00C10516 /* MCCommonMethods.m in Sources */ = {isa = PBXBuildFile; fileRef = FE808B7612EB0FEE0047FD26 /* MCCommonMethods.m */; };
		FEA8CF5D13227D3C00C10516 /* MCConverter.m in Sources */ = {isa = PBXBuildFile; fileRef = FE808B7712EB0FEE0047FD26 /* MCConverter.m */; };
		FEA8CF5E13227D3C00C10516 /* MCProgressPanel.m in Sources */ = {isa = PBXBuildFile; fileRef = FE808B7812EB0FEE0047FD26 /* MCProgressPanel.m */; };
		FEA8CF6013227D3C00C10516 /* MCPreferences.m in Sources */ = {isa = PBXBuildFile; fileRef = FEF5CD8C12EEB89D00981441 /* MCPreferences.m */; };
		FEA8CF6213227D3C00C10516 /* MCAdvancedOptionsDelegate.m in Sources */ = {isa = PBXBuildFile; fileRef = FEBC386512F169BE00F0A20A /* MCAdvancedOptionsDelegate.m */; };
		FEA8CF6313227D3C00C10516 /* MCPopupButton.m in Sources */ = {isa = PBXBuildFile; fileRef = FE0EF51F130A7E630076FE30 /* MCPopupButton.m */; };
		FEA8CF6413227D3C00C10516 /* MCTextCheckBoxCell.m in Sources */ = {isa = PBXBuildFile; fileRef = FE0EFC7F130A928B0076FE30 /* MCTextCheckBoxCell.m */; };
		FEA8CF6513227D3C00C10516 /* NSArray_Extensions.m in Sources */ = {isa = PBXBuildFile; fileRef = FEB4E2AF1313B09100F608D0 /* NSArray_Extensions.m */; };
		FEA8CF6813227D3C00C10516 /* MCCrippledButton.m in Sources */ = {isa = PBXBuildFile; fileRef = FE77D9BD131940B000731569 /* MCCrippledButton.m */; };
		FEA8CF6913227D3C00C10516 /* MCCommandPanel.m in Sources */ = {isa = PBXBuildFile; fileRef = FE77D9E1131941C500731569 /* MCCommandPanel.m */; };
		FEA8CF6E13227D3C00C10516 /* Cocoa.framework in Frameworks */ = {isa = PBXBuildFile; fileRef = 1058C7A1FEA54F0111CA2CBB /* Cocoa.framework */; };
		FEA8D4FF1322AD4E00C10516 /* Donation in Resources */ = {isa = PBXBuildFile; fileRef = FEA8D4F71322AD4E00C10516 /* Donation */; };
		FEC2C80E22FB3DA20014808E /* oggz-merge in Resources */ = {isa = PBXBuildFile; fileRef = FEC2C80122FB3DA10014808E /* oggz-merge */; };
		FEC2C80F22FB3DA20014808E /* katedec in Resources */ = {isa = PBXBuildFile; fileRef = FEC2C80222FB3DA10014808E /* katedec */; };
		FEC2C81022FB3DA20014808E /* kateenc in Resources */ = {isa = PBXBuildFile; fileRef = FEC2C80322FB3DA10014808E /* kateenc */; };
		FEC2C81122FB3DA20014808E /* mkvinfo in Resources */ = {isa = PBXBuildFile; fileRef = FEC2C80422FB3DA10014808E /* mkvinfo */; };
		FEC2C81222FB3DA20014808E /* spumux in Resources */ = {isa = PBXBuildFile; fileRef = FEC2C80522FB3DA10014808E /* spumux */; };
		FEC2C81322FB3DA20014808E /* mkvmerge in Resources */ = {isa = PBXBuildFile; fileRef = FEC2C80622FB3DA10014808E /* mkvmerge */; };
		FEC2C81422FB3DA20014808E /* oggz-info in Resources */ = {isa = PBXBuildFile; fileRef = FEC2C80722FB3DA10014808E /* oggz-info */; };
		FEC2C81522FB3DA20014808E /* mkvextract in Resources */ = {isa = PBXBuildFile; fileRef = FEC2C80822FB3DA20014808E /* mkvextract */; };
		FEC2C81622FB3DA20014808E /* ffmpeg in Resources */ = {isa = PBXBuildFile; fileRef = FEC2C80922FB3DA20014808E /* ffmpeg */; };
		FEC2C81722FB3DA20014808E /* qt-faststart in Resources */ = {isa = PBXBuildFile; fileRef = FEC2C80A22FB3DA20014808E /* qt-faststart */; };
		FEC2C81822FB3DA20014808E /* MP4Box in Resources */ = {isa = PBXBuildFile; fileRef = FEC2C80B22FB3DA20014808E /* MP4Box */; };
		FEC2C81922FB3DA20014808E /* oggz-rip in Resources */ = {isa = PBXBuildFile; fileRef = FEC2C80C22FB3DA20014808E /* oggz-rip */; };
		FED0960F2306CFB000DE21F4 /* MCDetailsTextView.m in Sources */ = {isa = PBXBuildFile; fileRef = FED0960E2306CFB000DE21F4 /* MCDetailsTextView.m */; };
		FED16060141380D100841674 /* MCPreviewImageView.m in Sources */ = {isa = PBXBuildFile; fileRef = FED1605E141380D100841674 /* MCPreviewImageView.m */; };
		FED68D1413265A1000332D8E /* MCAdvancedOptionsTableView.m in Sources */ = {isa = PBXBuildFile; fileRef = FED68D0E13265A1000332D8E /* MCAdvancedOptionsTableView.m */; };
		FEDB79111688743400745F56 /* LanguageConversion.plist in Resources */ = {isa = PBXBuildFile; fileRef = FEDB790C1688743400745F56 /* LanguageConversion.plist */; };
		FEE2BE7313EEA25500C1C035 /* MCDropImageView.m in Sources */ = {isa = PBXBuildFile; fileRef = FEE2BE7213EEA25500C1C035 /* MCDropImageView.m */; };
		FEF466431324E2000079DBCF /* Credits.rtf in Resources */ = {isa = PBXBuildFile; fileRef = FEF466401324E2000079DBCF /* Credits.rtf */; };
		FEF466F4132527860079DBCF /* MCAlert.m in Sources */ = {isa = PBXBuildFile; fileRef = FEF466F2132527860079DBCF /* MCAlert.m */; };
		FEF8B00B22F8305A00603B84 /* MCTableView.m in Sources */ = {isa = PBXBuildFile; fileRef = FEF8B00A22F8305900603B84 /* MCTableView.m */; };
		FEF8B01722F8444200603B84 /* MCColorView.m in Sources */ = {isa = PBXBuildFile; fileRef = FEF8B01622F8444200603B84 /* MCColorView.m */; };
		FEFA3D1C1333F651009B543D /* Languages.plist in Resources */ = {isa = PBXBuildFile; fileRef = FEFA3D161333F651009B543D /* Languages.plist */; };
		FEFB88992301B48E00E0FFF7 /* Gear with arrow@2x.png in Resources */ = {isa = PBXBuildFile; fileRef = FEFB88962301B48E00E0FFF7 /* Gear with arrow@2x.png */; };
		FEFB889A2301B48E00E0FFF7 /* Gear with arrow.png in Resources */ = {isa = PBXBuildFile; fileRef = FEFB88972301B48E00E0FFF7 /* Gear with arrow.png */; };
		FEFB889B2301B48E00E0FFF7 /* Gear with arrow@3x.png in Resources */ = {isa = PBXBuildFile; fileRef = FEFB88982301B48E00E0FFF7 /* Gear with arrow@3x.png */; };
		FEFB889D2301B49D00E0FFF7 /* General.icns in Resources */ = {isa = PBXBuildFile; fileRef = FEFB889C2301B49D00E0FFF7 /* General.icns */; };
		FEFB88A12301B63F00E0FFF7 /* Gear with arrow (dark)@2x.png in Resources */ = {isa = PBXBuildFile; fileRef = FEFB889E2301B63F00E0FFF7 /* Gear with arrow (dark)@2x.png */; };
		FEFB88A22301B63F00E0FFF7 /* Gear with arrow (dark)@3x.png in Resources */ = {isa = PBXBuildFile; fileRef = FEFB889F2301B63F00E0FFF7 /* Gear with arrow (dark)@3x.png */; };
		FEFB88A32301B63F00E0FFF7 /* Gear with arrow (dark).png in Resources */ = {isa = PBXBuildFile; fileRef = FEFB88A02301B63F00E0FFF7 /* Gear with arrow (dark).png */; };
		FEFB88A72301B99400E0FFF7 /* Create Preset@3x.png in Resources */ = {isa = PBXBuildFile; fileRef = FEFB88A62301B99400E0FFF7 /* Create Preset@3x.png */; };
		FEFB88AB2301BDEC00E0FFF7 /* Presets@3x.png in Resources */ = {isa = PBXBuildFile; fileRef = FEFB88A82301BDEB00E0FFF7 /* Presets@3x.png */; };
		FEFB88AC2301BDEC00E0FFF7 /* Presets@2x.png in Resources */ = {isa = PBXBuildFile; fileRef = FEFB88A92301BDEB00E0FFF7 /* Presets@2x.png */; };
		FEFB88AD2301BDEC00E0FFF7 /* Presets.png in Resources */ = {isa = PBXBuildFile; fileRef = FEFB88AA2301BDEC00E0FFF7 /* Presets.png */; };
/* End PBXBuildFile section */

/* Begin PBXCopyFilesBuildPhase section */
		FEA8CF7013227D3C00C10516 /* Copy Frameworks */ = {
			isa = PBXCopyFilesBuildPhase;
			buildActionMask = 2147483647;
			dstPath = "";
			dstSubfolderSpec = 10;
			files = (
				FE519C082300486F00D65DC7 /* LetsMove.framework in Copy Frameworks */,
				FE519C092300486F00D65DC7 /* Sparkle.framework in Copy Frameworks */,
			);
			name = "Copy Frameworks";
			runOnlyForDeploymentPostprocessing = 0;
		};
/* End PBXCopyFilesBuildPhase section */

/* Begin PBXFileReference section */
		1058C7A1FEA54F0111CA2CBB /* Cocoa.framework */ = {isa = PBXFileReference; lastKnownFileType = wrapper.framework; name = Cocoa.framework; path = /System/Library/Frameworks/Cocoa.framework; sourceTree = "<absolute>"; };
		13E42FB307B3F0F600E4EEF1 /* CoreData.framework */ = {isa = PBXFileReference; lastKnownFileType = wrapper.framework; name = CoreData.framework; path = /System/Library/Frameworks/CoreData.framework; sourceTree = "<absolute>"; };
		29B97316FDCFA39411CA2CEA /* main.m */ = {isa = PBXFileReference; fileEncoding = 4; lastKnownFileType = sourcecode.c.objc; path = main.m; sourceTree = "<group>"; };
		29B97324FDCFA39411CA2CEA /* AppKit.framework */ = {isa = PBXFileReference; lastKnownFileType = wrapper.framework; name = AppKit.framework; path = /System/Library/Frameworks/AppKit.framework; sourceTree = "<absolute>"; };
		29B97325FDCFA39411CA2CEA /* Foundation.framework */ = {isa = PBXFileReference; lastKnownFileType = wrapper.framework; name = Foundation.framework; path = /System/Library/Frameworks/Foundation.framework; sourceTree = "<absolute>"; };
		32CA4F630368D1EE00C91783 /* Media Converter_Prefix.pch */ = {isa = PBXFileReference; fileEncoding = 4; lastKnownFileType = sourcecode.c.h; path = "Media Converter_Prefix.pch"; sourceTree = "<group>"; };
		8D1107310486CEB800E47090 /* Info.plist */ = {isa = PBXFileReference; fileEncoding = 4; lastKnownFileType = text.plist.xml; path = Info.plist; sourceTree = "<group>"; };
		FE01E90E23021CF200ECEB90 /* it */ = {isa = PBXFileReference; lastKnownFileType = text.plist.strings; name = it; path = it.lproj/MainMenu.strings; sourceTree = "<group>"; };
		FE01E90F23021E9B00ECEB90 /* it */ = {isa = PBXFileReference; lastKnownFileType = text.plist.strings; name = it; path = it.lproj/InfoPlist.strings; sourceTree = "<group>"; };
		FE01E9102302BF1F00ECEB90 /* it */ = {isa = PBXFileReference; lastKnownFileType = text.plist.strings; name = it; path = it.lproj/Localizable.strings; sourceTree = "<group>"; };
		FE0353DE15FA5D0D0006538C /* LanguageCodes.plist */ = {isa = PBXFileReference; fileEncoding = 4; lastKnownFileType = text.plist.xml; name = LanguageCodes.plist; path = Resources/LanguageCodes.plist; sourceTree = "<group>"; };
		FE0EF51E130A7E630076FE30 /* MCPopupButton.h */ = {isa = PBXFileReference; fileEncoding = 4; lastKnownFileType = sourcecode.c.h; name = MCPopupButton.h; path = Source/MCPopupButton.h; sourceTree = "<group>"; };
		FE0EF51F130A7E630076FE30 /* MCPopupButton.m */ = {isa = PBXFileReference; fileEncoding = 4; lastKnownFileType = sourcecode.c.objc; name = MCPopupButton.m; path = Source/MCPopupButton.m; sourceTree = "<group>"; };
		FE0EFC7E130A928B0076FE30 /* MCTextCheckBoxCell.h */ = {isa = PBXFileReference; fileEncoding = 4; lastKnownFileType = sourcecode.c.h; name = MCTextCheckBoxCell.h; path = Source/MCTextCheckBoxCell.h; sourceTree = "<group>"; };
		FE0EFC7F130A928B0076FE30 /* MCTextCheckBoxCell.m */ = {isa = PBXFileReference; fileEncoding = 4; lastKnownFileType = sourcecode.c.objc; name = MCTextCheckBoxCell.m; path = Source/MCTextCheckBoxCell.m; sourceTree = "<group>"; };
		FE10B97413C1CCD000194E45 /* MCWatermarkFilter.h */ = {isa = PBXFileReference; fileEncoding = 4; lastKnownFileType = sourcecode.c.h; name = MCWatermarkFilter.h; path = Source/MCWatermarkFilter.h; sourceTree = "<group>"; };
		FE10B97513C1CCD000194E45 /* MCWatermarkFilter.m */ = {isa = PBXFileReference; fileEncoding = 4; lastKnownFileType = sourcecode.c.objc; name = MCWatermarkFilter.m; path = Source/MCWatermarkFilter.m; sourceTree = "<group>"; };
		FE10B97E13C1CCDC00194E45 /* MCFilter.h */ = {isa = PBXFileReference; fileEncoding = 4; lastKnownFileType = sourcecode.c.h; name = MCFilter.h; path = Source/MCFilter.h; sourceTree = "<group>"; };
		FE10B97F13C1CCDC00194E45 /* MCFilter.m */ = {isa = PBXFileReference; fileEncoding = 4; lastKnownFileType = sourcecode.c.objc; name = MCFilter.m; path = Source/MCFilter.m; sourceTree = "<group>"; };
		FE1D0DC0168F055400143A71 /* Create Preset.png */ = {isa = PBXFileReference; lastKnownFileType = image.png; name = "Create Preset.png"; path = "Images/Create Preset.png"; sourceTree = "<group>"; };
		FE23AC8913E02CF300B4E457 /* MCActionButton.h */ = {isa = PBXFileReference; fileEncoding = 4; lastKnownFileType = sourcecode.c.h; name = MCActionButton.h; path = Source/MCActionButton.h; sourceTree = "<group>"; };
		FE23AC8A13E02CF300B4E457 /* MCActionButton.m */ = {isa = PBXFileReference; fileEncoding = 4; lastKnownFileType = sourcecode.c.objc; name = MCActionButton.m; path = Source/MCActionButton.m; sourceTree = "<group>"; };
		FE23AEE113E04FA200B4E457 /* MCTextFilter.h */ = {isa = PBXFileReference; fileEncoding = 4; lastKnownFileType = sourcecode.c.h; name = MCTextFilter.h; path = Source/MCTextFilter.h; sourceTree = "<group>"; };
		FE23AEE213E04FA200B4E457 /* MCTextFilter.m */ = {isa = PBXFileReference; fileEncoding = 4; lastKnownFileType = sourcecode.c.objc; name = MCTextFilter.m; path = Source/MCTextFilter.m; sourceTree = "<group>"; };
		FE24912B13E8020D00D744A7 /* MCColorWell.h */ = {isa = PBXFileReference; fileEncoding = 4; lastKnownFileType = sourcecode.c.h; name = MCColorWell.h; path = Source/MCColorWell.h; sourceTree = "<group>"; };
		FE24912C13E8020D00D744A7 /* MCColorWell.m */ = {isa = PBXFileReference; fileEncoding = 4; lastKnownFileType = sourcecode.c.objc; name = MCColorWell.m; path = Source/MCColorWell.m; sourceTree = "<group>"; };
		FE24915413E8046400D744A7 /* MCIgnoreColorWellTextView.h */ = {isa = PBXFileReference; fileEncoding = 4; lastKnownFileType = sourcecode.c.h; name = MCIgnoreColorWellTextView.h; path = Source/MCIgnoreColorWellTextView.h; sourceTree = "<group>"; };
		FE24915513E8046400D744A7 /* MCIgnoreColorWellTextView.m */ = {isa = PBXFileReference; fileEncoding = 4; lastKnownFileType = sourcecode.c.objc; name = MCIgnoreColorWellTextView.m; path = Source/MCIgnoreColorWellTextView.m; sourceTree = "<group>"; };
		FE3A195C22FAE4C1005BED34 /* MCAddPresetCellView.h */ = {isa = PBXFileReference; lastKnownFileType = sourcecode.c.h; name = MCAddPresetCellView.h; path = Source/MCAddPresetCellView.h; sourceTree = "<group>"; };
		FE3A195D22FAE4C1005BED34 /* MCAddPresetCellView.m */ = {isa = PBXFileReference; lastKnownFileType = sourcecode.c.objc; name = MCAddPresetCellView.m; path = Source/MCAddPresetCellView.m; sourceTree = "<group>"; };
		FE3A196022FAEEE2005BED34 /* Base */ = {isa = PBXFileReference; lastKnownFileType = file.xib; name = Base; path = Base.lproj/MCCommandPanel.xib; sourceTree = "<group>"; };
		FE45EB852302FFEE00057039 /* it */ = {isa = PBXFileReference; lastKnownFileType = text.plist.strings; name = it; path = it.lproj/MCPreferences.strings; sourceTree = "<group>"; };
		FE45EB8623030F3900057039 /* Base */ = {isa = PBXFileReference; lastKnownFileType = folder; name = Base; path = Base.lproj/MediaConverterHelp; sourceTree = "<group>"; };
		FE45EB8723030F4900057039 /* Base */ = {isa = PBXFileReference; lastKnownFileType = image.icns; name = Base; path = Base.lproj/MCPresets.icns; sourceTree = "<group>"; };
		FE45EB8823030FAB00057039 /* Base */ = {isa = PBXFileReference; lastKnownFileType = text.rtf; name = Base; path = Base.lproj/Credits.rtf; sourceTree = "<group>"; };
		FE48BD6B13A631A600C98912 /* Sintel-frame.jpg */ = {isa = PBXFileReference; lastKnownFileType = image.jpeg; name = "Sintel-frame.jpg"; path = "Images/Sintel-frame.jpg"; sourceTree = "<group>"; };
		FE4E9893132105CB00B440F4 /* MCProgress.xib */ = {isa = PBXFileReference; lastKnownFileType = file.xib; name = MCProgress.xib; path = Resources/MCProgress.xib; sourceTree = "<group>"; };
		FE519C042300486400D65DC7 /* Sparkle.framework */ = {isa = PBXFileReference; lastKnownFileType = wrapper.framework; name = Sparkle.framework; path = Frameworks/Sparkle.framework; sourceTree = "<group>"; };
		FE519C052300486400D65DC7 /* LetsMove.framework */ = {isa = PBXFileReference; lastKnownFileType = wrapper.framework; name = LetsMove.framework; path = Frameworks/LetsMove.framework; sourceTree = "<group>"; };
		FE519C0A23005B6F00D65DC7 /* MCNoAccessibilityImageView.h */ = {isa = PBXFileReference; lastKnownFileType = sourcecode.c.h; name = MCNoAccessibilityImageView.h; path = Source/MCNoAccessibilityImageView.h; sourceTree = "<group>"; };
		FE519C0B23005B6F00D65DC7 /* MCNoAccessibilityImageView.m */ = {isa = PBXFileReference; lastKnownFileType = sourcecode.c.objc; name = MCNoAccessibilityImageView.m; path = Source/MCNoAccessibilityImageView.m; sourceTree = "<group>"; };
		FE519C0D23005E7E00D65DC7 /* MCNoAccessibiltyTextField.h */ = {isa = PBXFileReference; lastKnownFileType = sourcecode.c.h; name = MCNoAccessibiltyTextField.h; path = Source/MCNoAccessibiltyTextField.h; sourceTree = "<group>"; };
		FE519C0E23005E7E00D65DC7 /* MCNoAccessibiltyTextField.m */ = {isa = PBXFileReference; lastKnownFileType = sourcecode.c.objc; name = MCNoAccessibiltyTextField.m; path = Source/MCNoAccessibiltyTextField.m; sourceTree = "<group>"; };
		FE58A69D135EBE8400A99750 /* SubTest.mpg */ = {isa = PBXFileReference; lastKnownFileType = video.mpeg; name = SubTest.mpg; path = Resources/SubTest.mpg; sourceTree = "<group>"; };
		FE58A69E135EBE8400A99750 /* SubTest.srt */ = {isa = PBXFileReference; fileEncoding = 4; lastKnownFileType = text; name = SubTest.srt; path = Resources/SubTest.srt; sourceTree = "<group>"; };
		FE59A53013ED22B5001414DC /* QuartzCore.framework */ = {isa = PBXFileReference; lastKnownFileType = wrapper.framework; name = QuartzCore.framework; path = /System/Library/Frameworks/QuartzCore.framework; sourceTree = "<absolute>"; };
		FE59A54713ED2576001414DC /* Sintel-frame-dark.jpg */ = {isa = PBXFileReference; lastKnownFileType = image.jpeg; name = "Sintel-frame-dark.jpg"; path = "Images/Sintel-frame-dark.jpg"; sourceTree = "<group>"; };
		FE62A58F230764C100CE2F9A /* it */ = {isa = PBXFileReference; lastKnownFileType = image.icns; name = it; path = it.lproj/MCPresets.icns; sourceTree = "<group>"; };
		FE66771D1425D434009BB3A5 /* MCPresetEditPanel.h */ = {isa = PBXFileReference; fileEncoding = 4; lastKnownFileType = sourcecode.c.h; name = MCPresetEditPanel.h; path = Source/MCPresetEditPanel.h; sourceTree = "<group>"; };
		FE66771E1425D434009BB3A5 /* MCPresetEditPanel.m */ = {isa = PBXFileReference; fileEncoding = 4; lastKnownFileType = sourcecode.c.objc; name = MCPresetEditPanel.m; path = Source/MCPresetEditPanel.m; sourceTree = "<group>"; };
		FE68409622F95BDA005B55DB /* en */ = {isa = PBXFileReference; lastKnownFileType = text.plist.strings; name = en; path = en.lproj/MCTextFilter.strings; sourceTree = "<group>"; };
		FE68409822F95BDF005B55DB /* en */ = {isa = PBXFileReference; lastKnownFileType = text.plist.strings; name = en; path = en.lproj/MCWatermarkFilter.strings; sourceTree = "<group>"; };
		FE68409A22F95D4A005B55DB /* nl */ = {isa = PBXFileReference; lastKnownFileType = text.plist.strings; name = nl; path = nl.lproj/MCTextFilter.strings; sourceTree = "<group>"; };
		FE68409C22F95D55005B55DB /* nl */ = {isa = PBXFileReference; lastKnownFileType = text.plist.strings; name = nl; path = nl.lproj/MCWatermarkFilter.strings; sourceTree = "<group>"; };
		FE68409D22F95F12005B55DB /* en-US */ = {isa = PBXFileReference; lastKnownFileType = text.plist.strings; name = "en-US"; path = "en-US.lproj/MCPresetEditPanel.strings"; sourceTree = "<group>"; };
		FE68409E22F95F12005B55DB /* en-US */ = {isa = PBXFileReference; lastKnownFileType = text.plist.strings; name = "en-US"; path = "en-US.lproj/MCTextFilter.strings"; sourceTree = "<group>"; };
		FE6840A122F960A6005B55DB /* en-US */ = {isa = PBXFileReference; lastKnownFileType = text.plist.strings; name = "en-US"; path = "en-US.lproj/MainMenu.strings"; sourceTree = "<group>"; };
		FE6840A222F9D27C005B55DB /* MCAutoLayoutTextField.h */ = {isa = PBXFileReference; fileEncoding = 4; lastKnownFileType = sourcecode.c.h; name = MCAutoLayoutTextField.h; path = Source/MCAutoLayoutTextField.h; sourceTree = "<group>"; };
		FE6840A322F9D27C005B55DB /* MCAutoLayoutTextField.m */ = {isa = PBXFileReference; fileEncoding = 4; lastKnownFileType = sourcecode.c.objc; name = MCAutoLayoutTextField.m; path = Source/MCAutoLayoutTextField.m; sourceTree = "<group>"; };
		FE6B48732306F4E300E1F522 /* it */ = {isa = PBXFileReference; lastKnownFileType = text.plist.strings; name = it; path = it.lproj/MCTextFilter.strings; sourceTree = "<group>"; };
		FE6B48752306F4E600E1F522 /* it */ = {isa = PBXFileReference; lastKnownFileType = text.plist.strings; name = it; path = it.lproj/MCWatermarkFilter.strings; sourceTree = "<group>"; };
		FE700952140CD7F1002429E1 /* MCProgressSlider.h */ = {isa = PBXFileReference; fileEncoding = 4; lastKnownFileType = sourcecode.c.h; name = MCProgressSlider.h; path = Source/MCProgressSlider.h; sourceTree = "<group>"; };
		FE700953140CD7F1002429E1 /* MCProgressSlider.m */ = {isa = PBXFileReference; fileEncoding = 4; lastKnownFileType = sourcecode.c.objc; name = MCProgressSlider.m; path = Source/MCProgressSlider.m; sourceTree = "<group>"; };
		FE703A5E22FC822F00917539 /* MCPresetHelper.h */ = {isa = PBXFileReference; lastKnownFileType = sourcecode.c.h; name = MCPresetHelper.h; path = Source/MCPresetHelper.h; sourceTree = "<group>"; };
		FE703A5F22FC822F00917539 /* MCPresetHelper.m */ = {isa = PBXFileReference; lastKnownFileType = sourcecode.c.objc; name = MCPresetHelper.m; path = Source/MCPresetHelper.m; sourceTree = "<group>"; };
		FE77D66E13192E8800731569 /* Create Preset@2x.png */ = {isa = PBXFileReference; lastKnownFileType = image.png; name = "Create Preset@2x.png"; path = "Images/Create Preset@2x.png"; sourceTree = "<group>"; };
		FE77D9BC131940B000731569 /* MCCrippledButton.h */ = {isa = PBXFileReference; fileEncoding = 4; lastKnownFileType = sourcecode.c.h; name = MCCrippledButton.h; path = Source/MCCrippledButton.h; sourceTree = "<group>"; };
		FE77D9BD131940B000731569 /* MCCrippledButton.m */ = {isa = PBXFileReference; fileEncoding = 4; lastKnownFileType = sourcecode.c.objc; name = MCCrippledButton.m; path = Source/MCCrippledButton.m; sourceTree = "<group>"; };
		FE77D9E0131941C500731569 /* MCCommandPanel.h */ = {isa = PBXFileReference; fileEncoding = 4; lastKnownFileType = sourcecode.c.h; name = MCCommandPanel.h; path = Source/MCCommandPanel.h; sourceTree = "<group>"; };
		FE77D9E1131941C500731569 /* MCCommandPanel.m */ = {isa = PBXFileReference; fileEncoding = 4; lastKnownFileType = sourcecode.c.objc; name = MCCommandPanel.m; path = Source/MCCommandPanel.m; sourceTree = "<group>"; };
		FE7AAEDF13B602E8008DC4F7 /* MCFilterDelegate.h */ = {isa = PBXFileReference; fileEncoding = 4; lastKnownFileType = sourcecode.c.h; name = MCFilterDelegate.h; path = Source/MCFilterDelegate.h; sourceTree = "<group>"; };
		FE7AAEE013B602E8008DC4F7 /* MCFilterDelegate.m */ = {isa = PBXFileReference; fileEncoding = 4; lastKnownFileType = sourcecode.c.objc; name = MCFilterDelegate.m; path = Source/MCFilterDelegate.m; sourceTree = "<group>"; };
		FE8086DC12EB01F20047FD26 /* Dropzone.pdf */ = {isa = PBXFileReference; lastKnownFileType = image.pdf; name = Dropzone.pdf; path = Images/Dropzone.pdf; sourceTree = "<group>"; };
		FE8086DE12EB092D0047FD26 /* Media Converter.icns */ = {isa = PBXFileReference; lastKnownFileType = image.icns; name = "Media Converter.icns"; path = "Images/Media Converter.icns"; sourceTree = "<group>"; };
		FE8086F112EB09E30047FD26 /* MCDropView.m */ = {isa = PBXFileReference; fileEncoding = 4; lastKnownFileType = sourcecode.c.objc; name = MCDropView.m; path = Source/MCDropView.m; sourceTree = "<group>"; };
		FE8086F212EB09E30047FD26 /* MCDropView.h */ = {isa = PBXFileReference; fileEncoding = 4; lastKnownFileType = sourcecode.c.h; name = MCDropView.h; path = Source/MCDropView.h; sourceTree = "<group>"; };
		FE8086F612EB0BA00047FD26 /* MCMainController.h */ = {isa = PBXFileReference; fileEncoding = 4; lastKnownFileType = sourcecode.c.h; name = MCMainController.h; path = Source/MCMainController.h; sourceTree = "<group>"; };
		FE8086F712EB0BA00047FD26 /* MCMainController.m */ = {isa = PBXFileReference; fileEncoding = 4; lastKnownFileType = sourcecode.c.objc; name = MCMainController.m; path = Source/MCMainController.m; sourceTree = "<group>"; };
		FE808B7612EB0FEE0047FD26 /* MCCommonMethods.m */ = {isa = PBXFileReference; fileEncoding = 4; lastKnownFileType = sourcecode.c.objc; name = MCCommonMethods.m; path = Source/MCCommonMethods.m; sourceTree = "<group>"; };
		FE808B7712EB0FEE0047FD26 /* MCConverter.m */ = {isa = PBXFileReference; fileEncoding = 4; lastKnownFileType = sourcecode.c.objc; name = MCConverter.m; path = Source/MCConverter.m; sourceTree = "<group>"; };
		FE808B7812EB0FEE0047FD26 /* MCProgressPanel.m */ = {isa = PBXFileReference; fileEncoding = 4; lastKnownFileType = sourcecode.c.objc; name = MCProgressPanel.m; path = Source/MCProgressPanel.m; sourceTree = "<group>"; };
		FE808B7912EB0FEE0047FD26 /* MCCommonMethods.h */ = {isa = PBXFileReference; fileEncoding = 4; lastKnownFileType = sourcecode.c.h; name = MCCommonMethods.h; path = Source/MCCommonMethods.h; sourceTree = "<group>"; };
		FE808B7A12EB0FEE0047FD26 /* MCConverter.h */ = {isa = PBXFileReference; fileEncoding = 4; lastKnownFileType = sourcecode.c.h; name = MCConverter.h; path = Source/MCConverter.h; sourceTree = "<group>"; };
		FE808B7B12EB0FEE0047FD26 /* MCProgressPanel.h */ = {isa = PBXFileReference; fileEncoding = 4; lastKnownFileType = sourcecode.c.h; name = MCProgressPanel.h; path = Source/MCProgressPanel.h; sourceTree = "<group>"; };
		FE8F58D3230568B6001BE0D2 /* it */ = {isa = PBXFileReference; lastKnownFileType = text.plist.strings; name = it; path = it.lproj/MCPresetEditPanel.strings; sourceTree = "<group>"; };
		FEA8CF7513227D3C00C10516 /* Media Converter.app */ = {isa = PBXFileReference; explicitFileType = wrapper.application; includeInIndex = 0; path = "Media Converter.app"; sourceTree = BUILT_PRODUCTS_DIR; };
		FEA8D4B313229AB200C10516 /* MCTableView.h */ = {isa = PBXFileReference; fileEncoding = 4; lastKnownFileType = sourcecode.c.h; name = MCTableView.h; path = Source/MCTableView.h; sourceTree = "<group>"; };
		FEB4483A1689F32300938559 /* Readme.txt */ = {isa = PBXFileReference; fileEncoding = 4; lastKnownFileType = text; name = Readme.txt; path = Binaries/Readme.txt; sourceTree = "<group>"; };
		FEB4E2AE1313B09100F608D0 /* NSArray_Extensions.h */ = {isa = PBXFileReference; fileEncoding = 4; lastKnownFileType = sourcecode.c.h; name = NSArray_Extensions.h; path = Source/NSArray_Extensions.h; sourceTree = "<group>"; };
		FEB4E2AF1313B09100F608D0 /* NSArray_Extensions.m */ = {isa = PBXFileReference; fileEncoding = 4; lastKnownFileType = sourcecode.c.objc; name = NSArray_Extensions.m; path = Source/NSArray_Extensions.m; sourceTree = "<group>"; };
		FEBC384212F163B300F0A20A /* Presets */ = {isa = PBXFileReference; lastKnownFileType = folder; name = Presets; path = Resources/Presets; sourceTree = "<group>"; };
		FEBC386512F169BE00F0A20A /* MCAdvancedOptionsDelegate.m */ = {isa = PBXFileReference; fileEncoding = 4; lastKnownFileType = sourcecode.c.objc; name = MCAdvancedOptionsDelegate.m; path = Source/MCAdvancedOptionsDelegate.m; sourceTree = "<group>"; };
		FEBC386612F169BE00F0A20A /* MCAdvancedOptionsDelegate.h */ = {isa = PBXFileReference; fileEncoding = 4; lastKnownFileType = sourcecode.c.h; name = MCAdvancedOptionsDelegate.h; path = Source/MCAdvancedOptionsDelegate.h; sourceTree = "<group>"; };
		FEC0455F230729C10055B6E9 /* it */ = {isa = PBXFileReference; lastKnownFileType = text.rtf; name = it; path = it.lproj/Credits.rtf; sourceTree = "<group>"; };
		FEC2C7FD22FAF4020014808E /* en */ = {isa = PBXFileReference; lastKnownFileType = text.plist.strings; name = en; path = en.lproj/MCCommandPanel.strings; sourceTree = "<group>"; };
		FEC2C7FE22FAF4810014808E /* nl */ = {isa = PBXFileReference; lastKnownFileType = text.plist.strings; name = nl; path = nl.lproj/MCCommandPanel.strings; sourceTree = "<group>"; };
		FEC2C80122FB3DA10014808E /* oggz-merge */ = {isa = PBXFileReference; lastKnownFileType = "compiled.mach-o.executable"; name = "oggz-merge"; path = "Binaries/oggz-merge"; sourceTree = "<group>"; };
		FEC2C80222FB3DA10014808E /* katedec */ = {isa = PBXFileReference; lastKnownFileType = "compiled.mach-o.executable"; name = katedec; path = Binaries/katedec; sourceTree = "<group>"; };
		FEC2C80322FB3DA10014808E /* kateenc */ = {isa = PBXFileReference; lastKnownFileType = "compiled.mach-o.executable"; name = kateenc; path = Binaries/kateenc; sourceTree = "<group>"; };
		FEC2C80422FB3DA10014808E /* mkvinfo */ = {isa = PBXFileReference; lastKnownFileType = "compiled.mach-o.executable"; name = mkvinfo; path = Binaries/mkvinfo; sourceTree = "<group>"; };
		FEC2C80522FB3DA10014808E /* spumux */ = {isa = PBXFileReference; lastKnownFileType = "compiled.mach-o.executable"; name = spumux; path = Binaries/spumux; sourceTree = "<group>"; };
		FEC2C80622FB3DA10014808E /* mkvmerge */ = {isa = PBXFileReference; lastKnownFileType = "compiled.mach-o.executable"; name = mkvmerge; path = Binaries/mkvmerge; sourceTree = "<group>"; };
		FEC2C80722FB3DA10014808E /* oggz-info */ = {isa = PBXFileReference; lastKnownFileType = "compiled.mach-o.executable"; name = "oggz-info"; path = "Binaries/oggz-info"; sourceTree = "<group>"; };
		FEC2C80822FB3DA20014808E /* mkvextract */ = {isa = PBXFileReference; lastKnownFileType = "compiled.mach-o.executable"; name = mkvextract; path = Binaries/mkvextract; sourceTree = "<group>"; };
		FEC2C80922FB3DA20014808E /* ffmpeg */ = {isa = PBXFileReference; lastKnownFileType = "compiled.mach-o.executable"; name = ffmpeg; path = Binaries/ffmpeg; sourceTree = "<group>"; };
		FEC2C80A22FB3DA20014808E /* qt-faststart */ = {isa = PBXFileReference; lastKnownFileType = "compiled.mach-o.executable"; name = "qt-faststart"; path = "Binaries/qt-faststart"; sourceTree = "<group>"; };
		FEC2C80B22FB3DA20014808E /* MP4Box */ = {isa = PBXFileReference; lastKnownFileType = "compiled.mach-o.executable"; name = MP4Box; path = Binaries/MP4Box; sourceTree = "<group>"; };
		FEC2C80C22FB3DA20014808E /* oggz-rip */ = {isa = PBXFileReference; lastKnownFileType = "compiled.mach-o.executable"; name = "oggz-rip"; path = "Binaries/oggz-rip"; sourceTree = "<group>"; };
		FED0960D2306CFB000DE21F4 /* MCDetailsTextView.h */ = {isa = PBXFileReference; lastKnownFileType = sourcecode.c.h; name = MCDetailsTextView.h; path = Source/MCDetailsTextView.h; sourceTree = "<group>"; };
		FED0960E2306CFB000DE21F4 /* MCDetailsTextView.m */ = {isa = PBXFileReference; lastKnownFileType = sourcecode.c.objc; name = MCDetailsTextView.m; path = Source/MCDetailsTextView.m; sourceTree = "<group>"; };
		FED1605D141380D100841674 /* MCPreviewImageView.h */ = {isa = PBXFileReference; fileEncoding = 4; lastKnownFileType = sourcecode.c.h; name = MCPreviewImageView.h; path = Source/MCPreviewImageView.h; sourceTree = "<group>"; };
		FED1605E141380D100841674 /* MCPreviewImageView.m */ = {isa = PBXFileReference; fileEncoding = 4; lastKnownFileType = sourcecode.c.objc; name = MCPreviewImageView.m; path = Source/MCPreviewImageView.m; sourceTree = "<group>"; };
		FED208CB230471FB0058C4CC /* it */ = {isa = PBXFileReference; lastKnownFileType = text.plist.strings; name = it; path = it.lproj/MCCommandPanel.strings; sourceTree = "<group>"; };
		FED68D0D13265A1000332D8E /* MCAdvancedOptionsTableView.h */ = {isa = PBXFileReference; fileEncoding = 4; lastKnownFileType = sourcecode.c.h; name = MCAdvancedOptionsTableView.h; path = Source/MCAdvancedOptionsTableView.h; sourceTree = "<group>"; };
		FED68D0E13265A1000332D8E /* MCAdvancedOptionsTableView.m */ = {isa = PBXFileReference; fileEncoding = 4; lastKnownFileType = sourcecode.c.objc; name = MCAdvancedOptionsTableView.m; path = Source/MCAdvancedOptionsTableView.m; sourceTree = "<group>"; };
		FEDB790C1688743400745F56 /* LanguageConversion.plist */ = {isa = PBXFileReference; fileEncoding = 4; lastKnownFileType = text.plist.xml; name = LanguageConversion.plist; path = Resources/LanguageConversion.plist; sourceTree = "<group>"; };
		FEE2BE7113EEA25500C1C035 /* MCDropImageView.h */ = {isa = PBXFileReference; fileEncoding = 4; lastKnownFileType = sourcecode.c.h; name = MCDropImageView.h; path = Source/MCDropImageView.h; sourceTree = "<group>"; };
		FEE2BE7213EEA25500C1C035 /* MCDropImageView.m */ = {isa = PBXFileReference; fileEncoding = 4; lastKnownFileType = sourcecode.c.objc; name = MCDropImageView.m; path = Source/MCDropImageView.m; sourceTree = "<group>"; };
		FEF466F1132527860079DBCF /* MCAlert.h */ = {isa = PBXFileReference; fileEncoding = 4; lastKnownFileType = sourcecode.c.h; name = MCAlert.h; path = Source/MCAlert.h; sourceTree = "<group>"; };
		FEF466F2132527860079DBCF /* MCAlert.m */ = {isa = PBXFileReference; fileEncoding = 4; lastKnownFileType = sourcecode.c.objc; name = MCAlert.m; path = Source/MCAlert.m; sourceTree = "<group>"; };
		FEF5CD8B12EEB89D00981441 /* MCPreferences.h */ = {isa = PBXFileReference; fileEncoding = 4; lastKnownFileType = sourcecode.c.h; name = MCPreferences.h; path = Source/MCPreferences.h; sourceTree = "<group>"; };
		FEF5CD8C12EEB89D00981441 /* MCPreferences.m */ = {isa = PBXFileReference; fileEncoding = 4; lastKnownFileType = sourcecode.c.objc; name = MCPreferences.m; path = Source/MCPreferences.m; sourceTree = "<group>"; };
		FEF8AFEB22F5C83100603B84 /* nl */ = {isa = PBXFileReference; lastKnownFileType = folder; name = nl; path = nl.lproj/MediaConverterHelp; sourceTree = "<group>"; };
		FEF8AFED22F5C83100603B84 /* nl */ = {isa = PBXFileReference; lastKnownFileType = image.icns; name = nl; path = nl.lproj/MCPresets.icns; sourceTree = "<group>"; };
		FEF8AFF522F5C83100603B84 /* nl */ = {isa = PBXFileReference; lastKnownFileType = folder; name = nl; path = nl.lproj/Donation; sourceTree = "<group>"; };
		FEF8AFF622F5C83100603B84 /* nl */ = {isa = PBXFileReference; lastKnownFileType = text.rtf; name = nl; path = nl.lproj/Credits.rtf; sourceTree = "<group>"; };
		FEF8AFF722F5C83100603B84 /* nl */ = {isa = PBXFileReference; lastKnownFileType = text.plist.strings; name = nl; path = nl.lproj/InfoPlist.strings; sourceTree = "<group>"; };
		FEF8AFF822F5C83100603B84 /* nl */ = {isa = PBXFileReference; lastKnownFileType = text.plist.strings; name = nl; path = nl.lproj/Localizable.strings; sourceTree = "<group>"; };
		FEF8AFF922F5C83400603B84 /* Base */ = {isa = PBXFileReference; lastKnownFileType = file.xib; name = Base; path = Base.lproj/MainMenu.xib; sourceTree = "<group>"; };
		FEF8AFFA22F5C83400603B84 /* Base */ = {isa = PBXFileReference; lastKnownFileType = file.xib; name = Base; path = Base.lproj/MCPreferences.xib; sourceTree = "<group>"; };
		FEF8AFFB22F5C83400603B84 /* Base */ = {isa = PBXFileReference; lastKnownFileType = file.xib; name = Base; path = Base.lproj/MCPresetEditPanel.xib; sourceTree = "<group>"; };
		FEF8AFFD22F5C83500603B84 /* Base */ = {isa = PBXFileReference; lastKnownFileType = file.xib; name = Base; path = Base.lproj/MCTextFilter.xib; sourceTree = "<group>"; };
		FEF8AFFE22F5C83500603B84 /* Base */ = {isa = PBXFileReference; lastKnownFileType = file.xib; name = Base; path = Base.lproj/MCWatermarkFilter.xib; sourceTree = "<group>"; };
		FEF8AFFF22F5C83700603B84 /* en */ = {isa = PBXFileReference; lastKnownFileType = folder; name = en; path = en.lproj/MediaConverterHelp; sourceTree = "<group>"; };
		FEF8B00122F5C83700603B84 /* en */ = {isa = PBXFileReference; lastKnownFileType = image.icns; name = en; path = en.lproj/MCPresets.icns; sourceTree = "<group>"; };
		FEF8B00322F5C83700603B84 /* en */ = {isa = PBXFileReference; lastKnownFileType = folder; name = en; path = en.lproj/Donation; sourceTree = "<group>"; };
		FEF8B00422F5C83700603B84 /* en */ = {isa = PBXFileReference; lastKnownFileType = text.rtf; name = en; path = en.lproj/Credits.rtf; sourceTree = "<group>"; };
		FEF8B00522F5C83700603B84 /* en */ = {isa = PBXFileReference; lastKnownFileType = text.plist.strings; name = en; path = en.lproj/InfoPlist.strings; sourceTree = "<group>"; };
		FEF8B00622F5C83700603B84 /* en */ = {isa = PBXFileReference; lastKnownFileType = text.plist.strings; name = en; path = en.lproj/Localizable.strings; sourceTree = "<group>"; };
		FEF8B00A22F8305900603B84 /* MCTableView.m */ = {isa = PBXFileReference; fileEncoding = 4; lastKnownFileType = sourcecode.c.objc; name = MCTableView.m; path = Source/MCTableView.m; sourceTree = "<group>"; };
		FEF8B01222F8385000603B84 /* en */ = {isa = PBXFileReference; lastKnownFileType = text.plist.strings; name = en; path = en.lproj/MainMenu.strings; sourceTree = "<group>"; };
		FEF8B01422F83CD500603B84 /* nl */ = {isa = PBXFileReference; lastKnownFileType = text.plist.strings; name = nl; path = nl.lproj/MainMenu.strings; sourceTree = "<group>"; };
		FEF8B01522F8444200603B84 /* MCColorView.h */ = {isa = PBXFileReference; lastKnownFileType = sourcecode.c.h; name = MCColorView.h; path = Source/MCColorView.h; sourceTree = "<group>"; };
		FEF8B01622F8444200603B84 /* MCColorView.m */ = {isa = PBXFileReference; lastKnownFileType = sourcecode.c.objc; name = MCColorView.m; path = Source/MCColorView.m; sourceTree = "<group>"; };
		FEF8B01B22F8502B00603B84 /* en */ = {isa = PBXFileReference; lastKnownFileType = text.plist.strings; name = en; path = en.lproj/MCPreferences.strings; sourceTree = "<group>"; };
		FEF8B01D22F8546600603B84 /* nl */ = {isa = PBXFileReference; lastKnownFileType = text.plist.strings; name = nl; path = nl.lproj/MCPreferences.strings; sourceTree = "<group>"; };
		FEF8B01F22F864B600603B84 /* en */ = {isa = PBXFileReference; lastKnownFileType = text.plist.strings; name = en; path = en.lproj/MCPresetEditPanel.strings; sourceTree = "<group>"; };
		FEF8B02122F86C4A00603B84 /* nl */ = {isa = PBXFileReference; lastKnownFileType = text.plist.strings; name = nl; path = nl.lproj/MCPresetEditPanel.strings; sourceTree = "<group>"; };
		FEFA3D161333F651009B543D /* Languages.plist */ = {isa = PBXFileReference; fileEncoding = 4; lastKnownFileType = text.plist.xml; name = Languages.plist; path = Resources/Languages.plist; sourceTree = "<group>"; };
		FEFB88962301B48E00E0FFF7 /* Gear with arrow@2x.png */ = {isa = PBXFileReference; lastKnownFileType = image.png; name = "Gear with arrow@2x.png"; path = "Images/Gear with arrow@2x.png"; sourceTree = "<group>"; };
		FEFB88972301B48E00E0FFF7 /* Gear with arrow.png */ = {isa = PBXFileReference; lastKnownFileType = image.png; name = "Gear with arrow.png"; path = "Images/Gear with arrow.png"; sourceTree = "<group>"; };
		FEFB88982301B48E00E0FFF7 /* Gear with arrow@3x.png */ = {isa = PBXFileReference; lastKnownFileType = image.png; name = "Gear with arrow@3x.png"; path = "Images/Gear with arrow@3x.png"; sourceTree = "<group>"; };
		FEFB889C2301B49D00E0FFF7 /* General.icns */ = {isa = PBXFileReference; lastKnownFileType = image.icns; name = General.icns; path = Images/General.icns; sourceTree = "<group>"; };
		FEFB889E2301B63F00E0FFF7 /* Gear with arrow (dark)@2x.png */ = {isa = PBXFileReference; lastKnownFileType = image.png; name = "Gear with arrow (dark)@2x.png"; path = "Images/Gear with arrow (dark)@2x.png"; sourceTree = "<group>"; };
		FEFB889F2301B63F00E0FFF7 /* Gear with arrow (dark)@3x.png */ = {isa = PBXFileReference; lastKnownFileType = image.png; name = "Gear with arrow (dark)@3x.png"; path = "Images/Gear with arrow (dark)@3x.png"; sourceTree = "<group>"; };
		FEFB88A02301B63F00E0FFF7 /* Gear with arrow (dark).png */ = {isa = PBXFileReference; lastKnownFileType = image.png; name = "Gear with arrow (dark).png"; path = "Images/Gear with arrow (dark).png"; sourceTree = "<group>"; };
		FEFB88A62301B99400E0FFF7 /* Create Preset@3x.png */ = {isa = PBXFileReference; lastKnownFileType = image.png; name = "Create Preset@3x.png"; path = "Images/Create Preset@3x.png"; sourceTree = "<group>"; };
		FEFB88A82301BDEB00E0FFF7 /* Presets@3x.png */ = {isa = PBXFileReference; lastKnownFileType = image.png; name = "Presets@3x.png"; path = "Images/Presets@3x.png"; sourceTree = "<group>"; };
		FEFB88A92301BDEB00E0FFF7 /* Presets@2x.png */ = {isa = PBXFileReference; lastKnownFileType = image.png; name = "Presets@2x.png"; path = "Images/Presets@2x.png"; sourceTree = "<group>"; };
		FEFB88AA2301BDEC00E0FFF7 /* Presets.png */ = {isa = PBXFileReference; lastKnownFileType = image.png; name = Presets.png; path = Images/Presets.png; sourceTree = "<group>"; };
/* End PBXFileReference section */

/* Begin PBXFrameworksBuildPhase section */
		FEA8CF6D13227D3C00C10516 /* Frameworks */ = {
			isa = PBXFrameworksBuildPhase;
			buildActionMask = 2147483647;
			files = (
				FEA8CF6E13227D3C00C10516 /* Cocoa.framework in Frameworks */,
				FE519C072300486400D65DC7 /* LetsMove.framework in Frameworks */,
				FE519C062300486400D65DC7 /* Sparkle.framework in Frameworks */,
				FE59A53513ED22B5001414DC /* QuartzCore.framework in Frameworks */,
			);
			runOnlyForDeploymentPostprocessing = 0;
		};
/* End PBXFrameworksBuildPhase section */

/* Begin PBXGroup section */
		080E96DDFE201D6D7F000001 /* Classes */ = {
			isa = PBXGroup;
			children = (
				FEF7FB70131A87B100E244C9 /* Main */,
				FE66771A1425D41A009BB3A5 /* Presets */,
				FEF7FB71131A87BD00E244C9 /* Preferences */,
				FE808B7512EB0FE40047FD26 /* Other */,
			);
			name = Classes;
			sourceTree = "<group>";
		};
		1058C7A0FEA54F0111CA2CBB /* Linked Frameworks */ = {
			isa = PBXGroup;
			children = (
				FE59A53013ED22B5001414DC /* QuartzCore.framework */,
				1058C7A1FEA54F0111CA2CBB /* Cocoa.framework */,
			);
			name = "Linked Frameworks";
			sourceTree = "<group>";
		};
		1058C7A2FEA54F0111CA2CBB /* Other Frameworks */ = {
			isa = PBXGroup;
			children = (
				29B97324FDCFA39411CA2CEA /* AppKit.framework */,
				13E42FB307B3F0F600E4EEF1 /* CoreData.framework */,
				29B97325FDCFA39411CA2CEA /* Foundation.framework */,
			);
			name = "Other Frameworks";
			sourceTree = "<group>";
		};
		19C28FACFE9D520D11CA2CBB /* Products */ = {
			isa = PBXGroup;
			children = (
				FEA8CF7513227D3C00C10516 /* Media Converter.app */,
			);
			name = Products;
			sourceTree = "<group>";
		};
		29B97314FDCFA39411CA2CEA /* Media Converter */ = {
			isa = PBXGroup;
			children = (
				080E96DDFE201D6D7F000001 /* Classes */,
				29B97315FDCFA39411CA2CEA /* Other Sources */,
				29B97317FDCFA39411CA2CEA /* Resources */,
				29B97323FDCFA39411CA2CEA /* Frameworks */,
				FE6CDC9216521C6A0046E59E /* Binaries */,
				19C28FACFE9D520D11CA2CBB /* Products */,
			);
			name = "Media Converter";
			sourceTree = "<group>";
		};
		29B97315FDCFA39411CA2CEA /* Other Sources */ = {
			isa = PBXGroup;
			children = (
				32CA4F630368D1EE00C91783 /* Media Converter_Prefix.pch */,
				29B97316FDCFA39411CA2CEA /* main.m */,
			);
			name = "Other Sources";
			sourceTree = "<group>";
		};
		29B97317FDCFA39411CA2CEA /* Resources */ = {
			isa = PBXGroup;
			children = (
				FE4E9C0013218B7900B440F4 /* Help Folders */,
				FEF7FBBD131A89E100E244C9 /* Strings */,
				FEF7FBBB131A89A500E244C9 /* Interface */,
				FEF7FBB9131A897E00E244C9 /* Images */,
				FE58A69C135EBE6E00A99750 /* Subtitle Test */,
				FEF7FBBC131A89AB00E244C9 /* Other */,
			);
			name = Resources;
			sourceTree = "<group>";
		};
		29B97323FDCFA39411CA2CEA /* Frameworks */ = {
			isa = PBXGroup;
			children = (
				FE519C032300485700D65DC7 /* Included Frameworks */,
				1058C7A0FEA54F0111CA2CBB /* Linked Frameworks */,
				1058C7A2FEA54F0111CA2CBB /* Other Frameworks */,
			);
			name = Frameworks;
			sourceTree = "<group>";
		};
		FE10B97113C1CC9E00194E45 /* Filters */ = {
			isa = PBXGroup;
			children = (
				FE10B97E13C1CCDC00194E45 /* MCFilter.h */,
				FE10B97F13C1CCDC00194E45 /* MCFilter.m */,
				FE10B97413C1CCD000194E45 /* MCWatermarkFilter.h */,
				FE10B97513C1CCD000194E45 /* MCWatermarkFilter.m */,
				FE23AEE113E04FA200B4E457 /* MCTextFilter.h */,
				FE23AEE213E04FA200B4E457 /* MCTextFilter.m */,
			);
			name = Filters;
			sourceTree = "<group>";
		};
		FE10B99913C1D15B00194E45 /* Filters */ = {
			isa = PBXGroup;
			children = (
				FE23AE8A13E04E9800B4E457 /* MCTextFilter.xib */,
				FE10B99C13C1D1A200194E45 /* MCWatermarkFilter.xib */,
			);
			name = Filters;
			sourceTree = "<group>";
		};
		FE3A195A22FAC232005BED34 /* Custom Views and Cells */ = {
			isa = PBXGroup;
			children = (
				FE0EFC7E130A928B0076FE30 /* MCTextCheckBoxCell.h */,
				FE0EFC7F130A928B0076FE30 /* MCTextCheckBoxCell.m */,
				FEA8D4B313229AB200C10516 /* MCTableView.h */,
				FEF8B00A22F8305900603B84 /* MCTableView.m */,
				FED68D0D13265A1000332D8E /* MCAdvancedOptionsTableView.h */,
				FED68D0E13265A1000332D8E /* MCAdvancedOptionsTableView.m */,
				FE23AC8913E02CF300B4E457 /* MCActionButton.h */,
				FE23AC8A13E02CF300B4E457 /* MCActionButton.m */,
				FE24915413E8046400D744A7 /* MCIgnoreColorWellTextView.h */,
				FE24915513E8046400D744A7 /* MCIgnoreColorWellTextView.m */,
				FEE2BE7113EEA25500C1C035 /* MCDropImageView.h */,
				FEE2BE7213EEA25500C1C035 /* MCDropImageView.m */,
				FED1605D141380D100841674 /* MCPreviewImageView.h */,
				FED1605E141380D100841674 /* MCPreviewImageView.m */,
				FE700952140CD7F1002429E1 /* MCProgressSlider.h */,
				FE700953140CD7F1002429E1 /* MCProgressSlider.m */,
				FE6840A222F9D27C005B55DB /* MCAutoLayoutTextField.h */,
				FE6840A322F9D27C005B55DB /* MCAutoLayoutTextField.m */,
				FE77D9BC131940B000731569 /* MCCrippledButton.h */,
				FE77D9BD131940B000731569 /* MCCrippledButton.m */,
				FE24912B13E8020D00D744A7 /* MCColorWell.h */,
				FE24912C13E8020D00D744A7 /* MCColorWell.m */,
				FE0EF51E130A7E630076FE30 /* MCPopupButton.h */,
				FE0EF51F130A7E630076FE30 /* MCPopupButton.m */,
				FE8086F212EB09E30047FD26 /* MCDropView.h */,
				FE8086F112EB09E30047FD26 /* MCDropView.m */,
				FEF8B01522F8444200603B84 /* MCColorView.h */,
				FEF8B01622F8444200603B84 /* MCColorView.m */,
				FE3A195C22FAE4C1005BED34 /* MCAddPresetCellView.h */,
				FE3A195D22FAE4C1005BED34 /* MCAddPresetCellView.m */,
				FE519C0A23005B6F00D65DC7 /* MCNoAccessibilityImageView.h */,
				FE519C0B23005B6F00D65DC7 /* MCNoAccessibilityImageView.m */,
				FE519C0D23005E7E00D65DC7 /* MCNoAccessibiltyTextField.h */,
				FE519C0E23005E7E00D65DC7 /* MCNoAccessibiltyTextField.m */,
				FED0960D2306CFB000DE21F4 /* MCDetailsTextView.h */,
				FED0960E2306CFB000DE21F4 /* MCDetailsTextView.m */,
			);
			name = "Custom Views and Cells";
			sourceTree = "<group>";
		};
		FE3A195B22FAD023005BED34 /* TableView Delegates */ = {
			isa = PBXGroup;
			children = (
				FEBC386612F169BE00F0A20A /* MCAdvancedOptionsDelegate.h */,
				FEBC386512F169BE00F0A20A /* MCAdvancedOptionsDelegate.m */,
				FE7AAEDF13B602E8008DC4F7 /* MCFilterDelegate.h */,
				FE7AAEE013B602E8008DC4F7 /* MCFilterDelegate.m */,
			);
			name = "TableView Delegates";
			sourceTree = "<group>";
		};
		FE4E9C0013218B7900B440F4 /* Help Folders */ = {
			isa = PBXGroup;
			children = (
				FE4E9BEA13218B7600B440F4 /* MediaConverterHelp */,
			);
			name = "Help Folders";
			sourceTree = "<group>";
		};
		FE519C032300485700D65DC7 /* Included Frameworks */ = {
			isa = PBXGroup;
			children = (
				FE519C052300486400D65DC7 /* LetsMove.framework */,
				FE519C042300486400D65DC7 /* Sparkle.framework */,
			);
			name = "Included Frameworks";
			sourceTree = "<group>";
		};
		FE58A69C135EBE6E00A99750 /* Subtitle Test */ = {
			isa = PBXGroup;
			children = (
				FE58A69D135EBE8400A99750 /* SubTest.mpg */,
				FE58A69E135EBE8400A99750 /* SubTest.srt */,
			);
			name = "Subtitle Test";
			sourceTree = "<group>";
		};
		FE66771A1425D41A009BB3A5 /* Presets */ = {
			isa = PBXGroup;
			children = (
				FE66771D1425D434009BB3A5 /* MCPresetEditPanel.h */,
				FE66771E1425D434009BB3A5 /* MCPresetEditPanel.m */,
				FE703A5E22FC822F00917539 /* MCPresetHelper.h */,
				FE703A5F22FC822F00917539 /* MCPresetHelper.m */,
				FE3A195B22FAD023005BED34 /* TableView Delegates */,
				FE10B97113C1CC9E00194E45 /* Filters */,
			);
			name = Presets;
			sourceTree = "<group>";
		};
		FE6CDC9216521C6A0046E59E /* Binaries */ = {
			isa = PBXGroup;
			children = (
				FEB4483A1689F32300938559 /* Readme.txt */,
				FEC2C80922FB3DA20014808E /* ffmpeg */,
				FEC2C80222FB3DA10014808E /* katedec */,
				FEC2C80322FB3DA10014808E /* kateenc */,
				FEC2C80822FB3DA20014808E /* mkvextract */,
				FEC2C80422FB3DA10014808E /* mkvinfo */,
				FEC2C80622FB3DA10014808E /* mkvmerge */,
				FEC2C80B22FB3DA20014808E /* MP4Box */,
				FEC2C80722FB3DA10014808E /* oggz-info */,
				FEC2C80122FB3DA10014808E /* oggz-merge */,
				FEC2C80C22FB3DA20014808E /* oggz-rip */,
				FEC2C80A22FB3DA20014808E /* qt-faststart */,
				FEC2C80522FB3DA10014808E /* spumux */,
			);
			name = Binaries;
			sourceTree = "<group>";
		};
		FE808B7512EB0FE40047FD26 /* Other */ = {
			isa = PBXGroup;
			children = (
				FEC2C7FF22FAF4B60014808E /* Panels */,
				FE3A195A22FAC232005BED34 /* Custom Views and Cells */,
				FEF7FB72131A881400E244C9 /* Extensions */,
				FEF466F1132527860079DBCF /* MCAlert.h */,
				FEF466F2132527860079DBCF /* MCAlert.m */,
				FE808B7912EB0FEE0047FD26 /* MCCommonMethods.h */,
				FE808B7612EB0FEE0047FD26 /* MCCommonMethods.m */,
			);
			name = Other;
			sourceTree = "<group>";
		};
		FEC2C7FF22FAF4B60014808E /* Panels */ = {
			isa = PBXGroup;
			children = (
				FE808B7B12EB0FEE0047FD26 /* MCProgressPanel.h */,
				FE808B7812EB0FEE0047FD26 /* MCProgressPanel.m */,
			);
			name = Panels;
			sourceTree = "<group>";
		};
		FEF7FB70131A87B100E244C9 /* Main */ = {
			isa = PBXGroup;
			children = (
				FE8086F612EB0BA00047FD26 /* MCMainController.h */,
				FE8086F712EB0BA00047FD26 /* MCMainController.m */,
				FE808B7A12EB0FEE0047FD26 /* MCConverter.h */,
				FE808B7712EB0FEE0047FD26 /* MCConverter.m */,
			);
			name = Main;
			sourceTree = "<group>";
		};
		FEF7FB71131A87BD00E244C9 /* Preferences */ = {
			isa = PBXGroup;
			children = (
				FEF5CD8B12EEB89D00981441 /* MCPreferences.h */,
				FEF5CD8C12EEB89D00981441 /* MCPreferences.m */,
				FE77D9E0131941C500731569 /* MCCommandPanel.h */,
				FE77D9E1131941C500731569 /* MCCommandPanel.m */,
			);
			name = Preferences;
			sourceTree = "<group>";
		};
		FEF7FB72131A881400E244C9 /* Extensions */ = {
			isa = PBXGroup;
			children = (
				FEB4E2AE1313B09100F608D0 /* NSArray_Extensions.h */,
				FEB4E2AF1313B09100F608D0 /* NSArray_Extensions.m */,
			);
			name = Extensions;
			sourceTree = "<group>";
		};
		FEF7FBB9131A897E00E244C9 /* Images */ = {
			isa = PBXGroup;
			children = (
				FEFB889C2301B49D00E0FFF7 /* General.icns */,
				FEFB88AA2301BDEC00E0FFF7 /* Presets.png */,
				FEFB88A92301BDEB00E0FFF7 /* Presets@2x.png */,
				FEFB88A82301BDEB00E0FFF7 /* Presets@3x.png */,
				FEFB88972301B48E00E0FFF7 /* Gear with arrow.png */,
				FEFB88962301B48E00E0FFF7 /* Gear with arrow@2x.png */,
				FEFB88982301B48E00E0FFF7 /* Gear with arrow@3x.png */,
				FEFB88A02301B63F00E0FFF7 /* Gear with arrow (dark).png */,
				FEFB889E2301B63F00E0FFF7 /* Gear with arrow (dark)@2x.png */,
				FEFB889F2301B63F00E0FFF7 /* Gear with arrow (dark)@3x.png */,
				FE48BD6B13A631A600C98912 /* Sintel-frame.jpg */,
				FE59A54713ED2576001414DC /* Sintel-frame-dark.jpg */,
				FE4E9B0013210D3100B440F4 /* MCPresets.icns */,
				FE1D0DC0168F055400143A71 /* Create Preset.png */,
				FE77D66E13192E8800731569 /* Create Preset@2x.png */,
				FEFB88A62301B99400E0FFF7 /* Create Preset@3x.png */,
				FE8086DE12EB092D0047FD26 /* Media Converter.icns */,
				FE8086DC12EB01F20047FD26 /* Dropzone.pdf */,
			);
			name = Images;
			sourceTree = "<group>";
		};
		FEF7FBBB131A89A500E244C9 /* Interface */ = {
			isa = PBXGroup;
			children = (
				1DDD58140DA1D0A300B32029 /* MainMenu.xib */,
				FEF5CD8512EEB83B00981441 /* MCPreferences.xib */,
				FE6677251425D458009BB3A5 /* MCPresetEditPanel.xib */,
				FE4E9893132105CB00B440F4 /* MCProgress.xib */,
				FE3A195F22FAEEE2005BED34 /* MCCommandPanel.xib */,
				FE10B99913C1D15B00194E45 /* Filters */,
			);
			name = Interface;
			sourceTree = "<group>";
		};
		FEF7FBBC131A89AB00E244C9 /* Other */ = {
			isa = PBXGroup;
			children = (
				FEA8D4F71322AD4E00C10516 /* Donation */,
				FEBC384212F163B300F0A20A /* Presets */,
			);
			name = Other;
			sourceTree = "<group>";
		};
		FEF7FBBD131A89E100E244C9 /* Strings */ = {
			isa = PBXGroup;
			children = (
				FEFA3D161333F651009B543D /* Languages.plist */,
				FE0353DE15FA5D0D0006538C /* LanguageCodes.plist */,
				FEDB790C1688743400745F56 /* LanguageConversion.plist */,
				FEF466401324E2000079DBCF /* Credits.rtf */,
				FE4E9897132105DA00B440F4 /* Localizable.strings */,
				8D1107310486CEB800E47090 /* Info.plist */,
				089C165CFE840E0CC02AAC07 /* InfoPlist.strings */,
			);
			name = Strings;
			sourceTree = "<group>";
		};
/* End PBXGroup section */

/* Begin PBXNativeTarget section */
		FEA8CF3F13227D3C00C10516 /* Media Converter */ = {
			isa = PBXNativeTarget;
			buildConfigurationList = FEA8CF7213227D3C00C10516 /* Build configuration list for PBXNativeTarget "Media Converter" */;
			buildPhases = (
				FEA8CF4013227D3C00C10516 /* Resources */,
				FEA8CF5813227D3C00C10516 /* Sources */,
				FEA8CF6D13227D3C00C10516 /* Frameworks */,
				FEA8CF7013227D3C00C10516 /* Copy Frameworks */,
			);
			buildRules = (
			);
			dependencies = (
			);
			name = "Media Converter";
			productInstallPath = "$(HOME)/Applications";
			productName = "Media Converter";
			productReference = FEA8CF7513227D3C00C10516 /* Media Converter.app */;
			productType = "com.apple.product-type.application";
		};
/* End PBXNativeTarget section */

/* Begin PBXProject section */
		29B97313FDCFA39411CA2CEA /* Project object */ = {
			isa = PBXProject;
			attributes = {
				LastUpgradeCheck = 1030;
			};
			buildConfigurationList = C01FCF4E08A954540054247B /* Build configuration list for PBXProject "Media Converter" */;
			compatibilityVersion = "Xcode 3.1";
			developmentRegion = en;
			hasScannedForEncodings = 1;
			knownRegions = (
				nl,
				Base,
				en,
				"en-US",
				it,
			);
			mainGroup = 29B97314FDCFA39411CA2CEA /* Media Converter */;
			projectDirPath = "";
			projectRoot = "";
			targets = (
				FEA8CF3F13227D3C00C10516 /* Media Converter */,
			);
		};
/* End PBXProject section */

/* Begin PBXResourcesBuildPhase section */
		FEA8CF4013227D3C00C10516 /* Resources */ = {
			isa = PBXResourcesBuildPhase;
			buildActionMask = 2147483647;
			files = (
				FEC2C81322FB3DA20014808E /* mkvmerge in Resources */,
				FEA8CF4113227D3C00C10516 /* InfoPlist.strings in Resources */,
				FEA8CF4213227D3C00C10516 /* MainMenu.xib in Resources */,
				FEA8CF4413227D3C00C10516 /* Dropzone.pdf in Resources */,
				FEA8CF4513227D3C00C10516 /* Media Converter.icns in Resources */,
				FEA8CF4D13227D3C00C10516 /* MCPreferences.xib in Resources */,
				FEC2C81622FB3DA20014808E /* ffmpeg in Resources */,
				FEC2C80E22FB3DA20014808E /* oggz-merge in Resources */,
				FEA8CF5013227D3C00C10516 /* Presets in Resources */,
				FEFB88992301B48E00E0FFF7 /* Gear with arrow@2x.png in Resources */,
				FEFB88AD2301BDEC00E0FFF7 /* Presets.png in Resources */,
				FEA8CF5113227D3C00C10516 /* Create Preset@2x.png in Resources */,
				FEFB88A72301B99400E0FFF7 /* Create Preset@3x.png in Resources */,
				FEFB889A2301B48E00E0FFF7 /* Gear with arrow.png in Resources */,
				FEA8CF5313227D3C00C10516 /* MCProgress.xib in Resources */,
				FEA8CF5413227D3C00C10516 /* Localizable.strings in Resources */,
				FEFB88A12301B63F00E0FFF7 /* Gear with arrow (dark)@2x.png in Resources */,
				FEA8CF5513227D3C00C10516 /* MCPresets.icns in Resources */,
				FEFB88AB2301BDEC00E0FFF7 /* Presets@3x.png in Resources */,
				FEA8CF5713227D3C00C10516 /* MediaConverterHelp in Resources */,
				FEA8D4FF1322AD4E00C10516 /* Donation in Resources */,
				FEF466431324E2000079DBCF /* Credits.rtf in Resources */,
				FEFA3D1C1333F651009B543D /* Languages.plist in Resources */,
				FEFB88A32301B63F00E0FFF7 /* Gear with arrow (dark).png in Resources */,
				FEC2C81722FB3DA20014808E /* qt-faststart in Resources */,
				FE3A196122FAEEE2005BED34 /* MCCommandPanel.xib in Resources */,
				FE58A6A9135EBE8400A99750 /* SubTest.mpg in Resources */,
				FEFB889B2301B48E00E0FFF7 /* Gear with arrow@3x.png in Resources */,
				FEFB88AC2301BDEC00E0FFF7 /* Presets@2x.png in Resources */,
				FEC2C81222FB3DA20014808E /* spumux in Resources */,
				FEC2C80F22FB3DA20014808E /* katedec in Resources */,
				FEC2C81522FB3DA20014808E /* mkvextract in Resources */,
				FE58A6AA135EBE8400A99750 /* SubTest.srt in Resources */,
				FEFB889D2301B49D00E0FFF7 /* General.icns in Resources */,
				FE48BD7113A631A600C98912 /* Sintel-frame.jpg in Resources */,
				FE10B9A113C1D1A200194E45 /* MCWatermarkFilter.xib in Resources */,
				FE23AE9013E04E9800B4E457 /* MCTextFilter.xib in Resources */,
				FE59A54C13ED2576001414DC /* Sintel-frame-dark.jpg in Resources */,
				FE6677281425D458009BB3A5 /* MCPresetEditPanel.xib in Resources */,
				FEFB88A22301B63F00E0FFF7 /* Gear with arrow (dark)@3x.png in Resources */,
				FE0353E015FA5D0D0006538C /* LanguageCodes.plist in Resources */,
				FEC2C81122FB3DA20014808E /* mkvinfo in Resources */,
				FEDB79111688743400745F56 /* LanguageConversion.plist in Resources */,
				FEC2C81422FB3DA20014808E /* oggz-info in Resources */,
				FEC2C81022FB3DA20014808E /* kateenc in Resources */,
				FEC2C81822FB3DA20014808E /* MP4Box in Resources */,
				FE0F4B10168F54A600D398C0 /* Create Preset.png in Resources */,
				FEC2C81922FB3DA20014808E /* oggz-rip in Resources */,
			);
			runOnlyForDeploymentPostprocessing = 0;
		};
/* End PBXResourcesBuildPhase section */

/* Begin PBXSourcesBuildPhase section */
		FEA8CF5813227D3C00C10516 /* Sources */ = {
			isa = PBXSourcesBuildPhase;
			buildActionMask = 2147483647;
			files = (
				FEA8CF5913227D3C00C10516 /* main.m in Sources */,
				FEA8CF5A13227D3C00C10516 /* MCDropView.m in Sources */,
				FE3A195E22FAE4C1005BED34 /* MCAddPresetCellView.m in Sources */,
				FEA8CF5B13227D3C00C10516 /* MCMainController.m in Sources */,
				FEA8CF5C13227D3C00C10516 /* MCCommonMethods.m in Sources */,
				FE519C0C23005B6F00D65DC7 /* MCNoAccessibilityImageView.m in Sources */,
				FEA8CF5D13227D3C00C10516 /* MCConverter.m in Sources */,
				FEA8CF5E13227D3C00C10516 /* MCProgressPanel.m in Sources */,
				FE6840A422F9D27D005B55DB /* MCAutoLayoutTextField.m in Sources */,
				FE703A6022FC822F00917539 /* MCPresetHelper.m in Sources */,
				FEA8CF6013227D3C00C10516 /* MCPreferences.m in Sources */,
				FEA8CF6213227D3C00C10516 /* MCAdvancedOptionsDelegate.m in Sources */,
				FED0960F2306CFB000DE21F4 /* MCDetailsTextView.m in Sources */,
				FEF8B01722F8444200603B84 /* MCColorView.m in Sources */,
				FEA8CF6313227D3C00C10516 /* MCPopupButton.m in Sources */,
				FEA8CF6413227D3C00C10516 /* MCTextCheckBoxCell.m in Sources */,
				FE519C0F23005E7E00D65DC7 /* MCNoAccessibiltyTextField.m in Sources */,
				FEA8CF6513227D3C00C10516 /* NSArray_Extensions.m in Sources */,
				FEA8CF6813227D3C00C10516 /* MCCrippledButton.m in Sources */,
				FEA8CF6913227D3C00C10516 /* MCCommandPanel.m in Sources */,
				FEF466F4132527860079DBCF /* MCAlert.m in Sources */,
				FED68D1413265A1000332D8E /* MCAdvancedOptionsTableView.m in Sources */,
				FE7AAEE513B602E8008DC4F7 /* MCFilterDelegate.m in Sources */,
				FE10B97913C1CCD000194E45 /* MCWatermarkFilter.m in Sources */,
				FE10B98213C1CCDC00194E45 /* MCFilter.m in Sources */,
				FE23AC8F13E02CF300B4E457 /* MCActionButton.m in Sources */,
				FE23AEE713E04FA200B4E457 /* MCTextFilter.m in Sources */,
				FE24913113E8020D00D744A7 /* MCColorWell.m in Sources */,
				FE24915B13E8046400D744A7 /* MCIgnoreColorWellTextView.m in Sources */,
				FEF8B00B22F8305A00603B84 /* MCTableView.m in Sources */,
				FEE2BE7313EEA25500C1C035 /* MCDropImageView.m in Sources */,
				FE700959140CD7F1002429E1 /* MCProgressSlider.m in Sources */,
				FED16060141380D100841674 /* MCPreviewImageView.m in Sources */,
				FE6677201425D434009BB3A5 /* MCPresetEditPanel.m in Sources */,
			);
			runOnlyForDeploymentPostprocessing = 0;
		};
/* End PBXSourcesBuildPhase section */

/* Begin PBXVariantGroup section */
		089C165CFE840E0CC02AAC07 /* InfoPlist.strings */ = {
			isa = PBXVariantGroup;
			children = (
				FEF8AFF722F5C83100603B84 /* nl */,
				FEF8B00522F5C83700603B84 /* en */,
				FE01E90F23021E9B00ECEB90 /* it */,
			);
			name = InfoPlist.strings;
			sourceTree = "<group>";
		};
		1DDD58140DA1D0A300B32029 /* MainMenu.xib */ = {
			isa = PBXVariantGroup;
			children = (
				FEF8AFF922F5C83400603B84 /* Base */,
				FEF8B01222F8385000603B84 /* en */,
				FEF8B01422F83CD500603B84 /* nl */,
				FE6840A122F960A6005B55DB /* en-US */,
				FE01E90E23021CF200ECEB90 /* it */,
			);
			name = MainMenu.xib;
			sourceTree = "<group>";
		};
		FE10B99C13C1D1A200194E45 /* MCWatermarkFilter.xib */ = {
			isa = PBXVariantGroup;
			children = (
				FEF8AFFE22F5C83500603B84 /* Base */,
				FE68409822F95BDF005B55DB /* en */,
				FE68409C22F95D55005B55DB /* nl */,
				FE6B48752306F4E600E1F522 /* it */,
			);
			name = MCWatermarkFilter.xib;
			sourceTree = "<group>";
		};
		FE23AE8A13E04E9800B4E457 /* MCTextFilter.xib */ = {
			isa = PBXVariantGroup;
			children = (
				FEF8AFFD22F5C83500603B84 /* Base */,
				FE68409622F95BDA005B55DB /* en */,
				FE68409A22F95D4A005B55DB /* nl */,
				FE68409E22F95F12005B55DB /* en-US */,
				FE6B48732306F4E300E1F522 /* it */,
			);
			name = MCTextFilter.xib;
			sourceTree = "<group>";
		};
		FE3A195F22FAEEE2005BED34 /* MCCommandPanel.xib */ = {
			isa = PBXVariantGroup;
			children = (
				FE3A196022FAEEE2005BED34 /* Base */,
				FEC2C7FD22FAF4020014808E /* en */,
				FEC2C7FE22FAF4810014808E /* nl */,
				FED208CB230471FB0058C4CC /* it */,
			);
			name = MCCommandPanel.xib;
			sourceTree = "<group>";
		};
		FE4E9897132105DA00B440F4 /* Localizable.strings */ = {
			isa = PBXVariantGroup;
			children = (
				FEF8AFF822F5C83100603B84 /* nl */,
				FEF8B00622F5C83700603B84 /* en */,
				FE01E9102302BF1F00ECEB90 /* it */,
			);
			name = Localizable.strings;
			sourceTree = "<group>";
		};
		FE4E9B0013210D3100B440F4 /* MCPresets.icns */ = {
			isa = PBXVariantGroup;
			children = (
				FEF8AFED22F5C83100603B84 /* nl */,
				FEF8B00122F5C83700603B84 /* en */,
				FE45EB8723030F4900057039 /* Base */,
				FE62A58F230764C100CE2F9A /* it */,
			);
			name = MCPresets.icns;
			sourceTree = "<group>";
		};
		FE4E9BEA13218B7600B440F4 /* MediaConverterHelp */ = {
			isa = PBXVariantGroup;
			children = (
				FEF8AFEB22F5C83100603B84 /* nl */,
				FEF8AFFF22F5C83700603B84 /* en */,
				FE45EB8623030F3900057039 /* Base */,
			);
			name = MediaConverterHelp;
			sourceTree = "<group>";
		};
		FE6677251425D458009BB3A5 /* MCPresetEditPanel.xib */ = {
			isa = PBXVariantGroup;
			children = (
				FEF8AFFB22F5C83400603B84 /* Base */,
				FEF8B01F22F864B600603B84 /* en */,
				FEF8B02122F86C4A00603B84 /* nl */,
				FE68409D22F95F12005B55DB /* en-US */,
				FE8F58D3230568B6001BE0D2 /* it */,
			);
			name = MCPresetEditPanel.xib;
			sourceTree = "<group>";
		};
		FEA8D4F71322AD4E00C10516 /* Donation */ = {
			isa = PBXVariantGroup;
			children = (
				FEF8AFF522F5C83100603B84 /* nl */,
				FEF8B00322F5C83700603B84 /* en */,
			);
			name = Donation;
			sourceTree = "<group>";
		};
		FEF466401324E2000079DBCF /* Credits.rtf */ = {
			isa = PBXVariantGroup;
			children = (
				FEF8AFF622F5C83100603B84 /* nl */,
				FEF8B00422F5C83700603B84 /* en */,
				FE45EB8823030FAB00057039 /* Base */,
				FEC0455F230729C10055B6E9 /* it */,
			);
			name = Credits.rtf;
			sourceTree = "<group>";
		};
		FEF5CD8512EEB83B00981441 /* MCPreferences.xib */ = {
			isa = PBXVariantGroup;
			children = (
				FEF8AFFA22F5C83400603B84 /* Base */,
				FEF8B01B22F8502B00603B84 /* en */,
				FEF8B01D22F8546600603B84 /* nl */,
				FE45EB852302FFEE00057039 /* it */,
			);
			name = MCPreferences.xib;
			sourceTree = "<group>";
		};
/* End PBXVariantGroup section */

/* Begin XCBuildConfiguration section */
		C01FCF4F08A954540054247B /* Debug */ = {
			isa = XCBuildConfiguration;
			buildSettings = {
				CLANG_ANALYZER_LOCALIZABILITY_NONLOCALIZED = YES;
				CLANG_WARN_BLOCK_CAPTURE_AUTORELEASING = YES;
				CLANG_WARN_BOOL_CONVERSION = YES;
				CLANG_WARN_COMMA = YES;
				CLANG_WARN_CONSTANT_CONVERSION = YES;
				CLANG_WARN_DEPRECATED_OBJC_IMPLEMENTATIONS = YES;
				CLANG_WARN_EMPTY_BODY = YES;
				CLANG_WARN_ENUM_CONVERSION = YES;
				CLANG_WARN_INFINITE_RECURSION = YES;
				CLANG_WARN_INT_CONVERSION = YES;
				CLANG_WARN_NON_LITERAL_NULL_CONVERSION = YES;
				CLANG_WARN_OBJC_IMPLICIT_RETAIN_SELF = YES;
				CLANG_WARN_OBJC_LITERAL_CONVERSION = YES;
				CLANG_WARN_RANGE_LOOP_ANALYSIS = YES;
				CLANG_WARN_STRICT_PROTOTYPES = YES;
				CLANG_WARN_SUSPICIOUS_MOVE = YES;
				CLANG_WARN_UNREACHABLE_CODE = YES;
				CLANG_WARN__DUPLICATE_METHOD_MATCH = YES;
				ENABLE_STRICT_OBJC_MSGSEND = YES;
				ENABLE_TESTABILITY = YES;
				GCC_C_LANGUAGE_STANDARD = c99;
				GCC_NO_COMMON_BLOCKS = YES;
				GCC_OPTIMIZATION_LEVEL = 0;
				GCC_VERSION = "";
				GCC_WARN_64_TO_32_BIT_CONVERSION = YES;
				GCC_WARN_ABOUT_RETURN_TYPE = YES;
				GCC_WARN_UNDECLARED_SELECTOR = YES;
				GCC_WARN_UNINITIALIZED_AUTOS = YES;
				GCC_WARN_UNUSED_FUNCTION = YES;
				GCC_WARN_UNUSED_VARIABLE = YES;
				IBC_NOTICES = NO;
				IBC_WARNINGS = NO;
				MACOSX_DEPLOYMENT_TARGET = 10.9;
				ONLY_ACTIVE_ARCH = YES;
				SDKROOT = macosx;
			};
			name = Debug;
		};
		C01FCF5008A954540054247B /* Release */ = {
			isa = XCBuildConfiguration;
			buildSettings = {
				CLANG_ANALYZER_LOCALIZABILITY_NONLOCALIZED = YES;
				CLANG_WARN_BLOCK_CAPTURE_AUTORELEASING = YES;
				CLANG_WARN_BOOL_CONVERSION = YES;
				CLANG_WARN_COMMA = YES;
				CLANG_WARN_CONSTANT_CONVERSION = YES;
				CLANG_WARN_DEPRECATED_OBJC_IMPLEMENTATIONS = YES;
				CLANG_WARN_EMPTY_BODY = YES;
				CLANG_WARN_ENUM_CONVERSION = YES;
				CLANG_WARN_INFINITE_RECURSION = YES;
				CLANG_WARN_INT_CONVERSION = YES;
				CLANG_WARN_NON_LITERAL_NULL_CONVERSION = YES;
				CLANG_WARN_OBJC_IMPLICIT_RETAIN_SELF = YES;
				CLANG_WARN_OBJC_LITERAL_CONVERSION = YES;
				CLANG_WARN_RANGE_LOOP_ANALYSIS = YES;
				CLANG_WARN_STRICT_PROTOTYPES = YES;
				CLANG_WARN_SUSPICIOUS_MOVE = YES;
				CLANG_WARN_UNREACHABLE_CODE = YES;
				CLANG_WARN__DUPLICATE_METHOD_MATCH = YES;
				ENABLE_STRICT_OBJC_MSGSEND = YES;
				GCC_C_LANGUAGE_STANDARD = c99;
				GCC_NO_COMMON_BLOCKS = YES;
				GCC_VERSION = "";
				GCC_WARN_64_TO_32_BIT_CONVERSION = YES;
				GCC_WARN_ABOUT_RETURN_TYPE = YES;
				GCC_WARN_UNDECLARED_SELECTOR = YES;
				GCC_WARN_UNINITIALIZED_AUTOS = YES;
				GCC_WARN_UNUSED_FUNCTION = YES;
				GCC_WARN_UNUSED_VARIABLE = YES;
				IBC_NOTICES = NO;
				IBC_WARNINGS = NO;
				MACOSX_DEPLOYMENT_TARGET = 10.9;
				SDKROOT = macosx;
			};
			name = Release;
		};
		FEA8CF7313227D3C00C10516 /* Debug */ = {
			isa = XCBuildConfiguration;
			buildSettings = {
				ALWAYS_SEARCH_USER_PATHS = NO;
				CLANG_ENABLE_OBJC_ARC = YES;
				CLANG_ENABLE_OBJC_WEAK = YES;
				COPY_PHASE_STRIP = NO;
				FRAMEWORK_SEARCH_PATHS = (
					"$(inherited)",
					"$(PROJECT_DIR)/Frameworks",
				);
				GCC_DYNAMIC_NO_PIC = NO;
				GCC_MODEL_TUNING = G5;
				GCC_OPTIMIZATION_LEVEL = 0;
				GCC_PRECOMPILE_PREFIX_HEADER = YES;
				GCC_PREFIX_HEADER = "Media Converter_Prefix.pch";
				INFOPLIST_FILE = Info.plist;
				INSTALL_PATH = "$(HOME)/Applications";
				LD_RUNPATH_SEARCH_PATHS = "@loader_path/../Frameworks";
				PRODUCT_BUNDLE_IDENTIFIER = "com.kiwifruitware.Media-Converter";
				PRODUCT_NAME = "Media Converter";
			};
			name = Debug;
		};
		FEA8CF7413227D3C00C10516 /* Release */ = {
			isa = XCBuildConfiguration;
			buildSettings = {
				ALWAYS_SEARCH_USER_PATHS = NO;
				CLANG_ENABLE_OBJC_ARC = YES;
				CLANG_ENABLE_OBJC_WEAK = YES;
				COPY_PHASE_STRIP = NO;
				DEBUG_INFORMATION_FORMAT = "dwarf-with-dsym";
				FRAMEWORK_SEARCH_PATHS = (
					"$(inherited)",
					"$(PROJECT_DIR)/Frameworks",
				);
				GCC_MODEL_TUNING = G5;
				GCC_PRECOMPILE_PREFIX_HEADER = YES;
				GCC_PREFIX_HEADER = "Media Converter_Prefix.pch";
				INFOPLIST_FILE = Info.plist;
				INSTALL_PATH = "$(HOME)/Applications";
				LD_RUNPATH_SEARCH_PATHS = "@loader_path/../Frameworks";
				PRODUCT_BUNDLE_IDENTIFIER = "com.kiwifruitware.Media-Converter";
				PRODUCT_NAME = "Media Converter";
			};
			name = Release;
		};
/* End XCBuildConfiguration section */

/* Begin XCConfigurationList section */
		C01FCF4E08A954540054247B /* Build configuration list for PBXProject "Media Converter" */ = {
			isa = XCConfigurationList;
			buildConfigurations = (
				C01FCF4F08A954540054247B /* Debug */,
				C01FCF5008A954540054247B /* Release */,
			);
			defaultConfigurationIsVisible = 0;
			defaultConfigurationName = Release;
		};
		FEA8CF7213227D3C00C10516 /* Build configuration list for PBXNativeTarget "Media Converter" */ = {
			isa = XCConfigurationList;
			buildConfigurations = (
				FEA8CF7313227D3C00C10516 /* Debug */,
				FEA8CF7413227D3C00C10516 /* Release */,
			);
			defaultConfigurationIsVisible = 0;
			defaultConfigurationName = Release;
		};
/* End XCConfigurationList section */
	};
	rootObject = 29B97313FDCFA39411CA2CEA /* Project object */;
}
